
Microsoft Visual Studio Solution File, Format Version 12.00
# Visual Studio Version 16
VisualStudioVersion = 16.0.34601.136
MinimumVisualStudioVersion = 10.0.40219.1
Project("{FAE04EC0-301F-11D3-BF4B-00C04F79EFBC}") = "FinalAssignment", "FinalAssignment\FinalAssignment.csproj", "{36F48652-5A71-4EC4-92BB-E0E63757F86A}"
EndProject
Global
	GlobalSection(SolutionConfigurationPlatforms) = preSolution
		Debug|Any CPU = Debug|Any CPU
		Release|Any CPU = Release|Any CPU
	EndGlobalSection
	GlobalSection(ProjectConfigurationPlatforms) = postSolution
		{36F48652-5A71-4EC4-92BB-E0E63757F86A}.Debug|Any CPU.ActiveCfg = Debug|Any CPU
		{36F48652-5A71-4EC4-92BB-E0E63757F86A}.Debug|Any CPU.Build.0 = Debug|Any CPU
		{36F48652-5A71-4EC4-92BB-E0E63757F86A}.Release|Any CPU.ActiveCfg = Release|Any CPU
		{36F48652-5A71-4EC4-92BB-E0E63757F86A}.Release|Any CPU.Build.0 = Release|Any CPU
	EndGlobalSection
	GlobalSection(SolutionProperties) = preSolution
		HideSolutionNode = FALSE
	EndGlobalSection
	GlobalSection(ExtensibilityGlobals) = postSolution
		SolutionGuid = {0C0AADD4-4876-4BA6-BF75-D8A65FC905E1}
	EndGlobalSection
EndGlobal
